// !$*UTF8*$!
{
	archiveVersion = 1;
	classes = {
	};
	objectVersion = 56;
	objects = {

/* Begin PBXBuildFile section */
		0C49B2B32AB9F9AB0056166A /* README.md in Resources */ = {isa = PBXBuildFile; fileRef = 0C49B2B22AB9F9AB0056166A /* README.md */; };
		0CC7F19E2A9D30BB00B4C8D7 /* ConferenceApp.swift in Sources */ = {isa = PBXBuildFile; fileRef = 0CC7F19D2A9D30BB00B4C8D7 /* ConferenceApp.swift */; };
		0CC7F1A02A9D30BB00B4C8D7 /* ContentView.swift in Sources */ = {isa = PBXBuildFile; fileRef = 0CC7F19F2A9D30BB00B4C8D7 /* ContentView.swift */; };
		0CC7F1A22A9D30C200B4C8D7 /* Assets.xcassets in Resources */ = {isa = PBXBuildFile; fileRef = 0CC7F1A12A9D30C200B4C8D7 /* Assets.xcassets */; };
		0CC7F1A62A9D30C200B4C8D7 /* Preview Assets.xcassets in Resources */ = {isa = PBXBuildFile; fileRef = 0CC7F1A52A9D30C200B4C8D7 /* Preview Assets.xcassets */; };
		0CC7F1B02A9D30C200B4C8D7 /* ConferenceTests.swift in Sources */ = {isa = PBXBuildFile; fileRef = 0CC7F1AF2A9D30C200B4C8D7 /* ConferenceTests.swift */; };
		0CC7F1BA2A9D30C200B4C8D7 /* ConferenceUITests.swift in Sources */ = {isa = PBXBuildFile; fileRef = 0CC7F1B92A9D30C200B4C8D7 /* ConferenceUITests.swift */; };
		0CC7F1BC2A9D30C200B4C8D7 /* ConferenceUITestsLaunchTests.swift in Sources */ = {isa = PBXBuildFile; fileRef = 0CC7F1BB2A9D30C200B4C8D7 /* ConferenceUITestsLaunchTests.swift */; };
		0CC7F1C92A9D314800B4C8D7 /* ConferenceScheduleView.swift in Sources */ = {isa = PBXBuildFile; fileRef = 0CC7F1C82A9D314800B4C8D7 /* ConferenceScheduleView.swift */; };
/* End PBXBuildFile section */

/* Begin PBXContainerItemProxy section */
		0CC7F1AC2A9D30C200B4C8D7 /* PBXContainerItemProxy */ = {
			isa = PBXContainerItemProxy;
			containerPortal = 0CC7F1922A9D30BB00B4C8D7 /* Project object */;
			proxyType = 1;
			remoteGlobalIDString = 0CC7F1992A9D30BB00B4C8D7;
			remoteInfo = Conference;
		};
		0CC7F1B62A9D30C200B4C8D7 /* PBXContainerItemProxy */ = {
			isa = PBXContainerItemProxy;
			containerPortal = 0CC7F1922A9D30BB00B4C8D7 /* Project object */;
			proxyType = 1;
			remoteGlobalIDString = 0CC7F1992A9D30BB00B4C8D7;
			remoteInfo = Conference;
		};
/* End PBXContainerItemProxy section */

/* Begin PBXFileReference section */
		0C49B2B22AB9F9AB0056166A /* README.md */ = {isa = PBXFileReference; fileEncoding = 4; lastKnownFileType = net.daringfireball.markdown; name = README.md; path = ../README.md; sourceTree = "<group>"; };
		0CC7F19A2A9D30BB00B4C8D7 /* Conference.app */ = {isa = PBXFileReference; explicitFileType = wrapper.application; includeInIndex = 0; path = Conference.app; sourceTree = BUILT_PRODUCTS_DIR; };
		0CC7F19D2A9D30BB00B4C8D7 /* ConferenceApp.swift */ = {isa = PBXFileReference; lastKnownFileType = sourcecode.swift; path = ConferenceApp.swift; sourceTree = "<group>"; };
		0CC7F19F2A9D30BB00B4C8D7 /* ContentView.swift */ = {isa = PBXFileReference; lastKnownFileType = sourcecode.swift; path = ContentView.swift; sourceTree = "<group>"; };
		0CC7F1A12A9D30C200B4C8D7 /* Assets.xcassets */ = {isa = PBXFileReference; lastKnownFileType = folder.assetcatalog; path = Assets.xcassets; sourceTree = "<group>"; };
		0CC7F1A32A9D30C200B4C8D7 /* Conference.entitlements */ = {isa = PBXFileReference; lastKnownFileType = text.plist.entitlements; path = Conference.entitlements; sourceTree = "<group>"; };
		0CC7F1A52A9D30C200B4C8D7 /* Preview Assets.xcassets */ = {isa = PBXFileReference; lastKnownFileType = folder.assetcatalog; path = "Preview Assets.xcassets"; sourceTree = "<group>"; };
		0CC7F1AB2A9D30C200B4C8D7 /* ConferenceTests.xctest */ = {isa = PBXFileReference; explicitFileType = wrapper.cfbundle; includeInIndex = 0; path = ConferenceTests.xctest; sourceTree = BUILT_PRODUCTS_DIR; };
		0CC7F1AF2A9D30C200B4C8D7 /* ConferenceTests.swift */ = {isa = PBXFileReference; lastKnownFileType = sourcecode.swift; path = ConferenceTests.swift; sourceTree = "<group>"; };
		0CC7F1B52A9D30C200B4C8D7 /* ConferenceUITests.xctest */ = {isa = PBXFileReference; explicitFileType = wrapper.cfbundle; includeInIndex = 0; path = ConferenceUITests.xctest; sourceTree = BUILT_PRODUCTS_DIR; };
		0CC7F1B92A9D30C200B4C8D7 /* ConferenceUITests.swift */ = {isa = PBXFileReference; lastKnownFileType = sourcecode.swift; path = ConferenceUITests.swift; sourceTree = "<group>"; };
		0CC7F1BB2A9D30C200B4C8D7 /* ConferenceUITestsLaunchTests.swift */ = {isa = PBXFileReference; lastKnownFileType = sourcecode.swift; path = ConferenceUITestsLaunchTests.swift; sourceTree = "<group>"; };
		0CC7F1C82A9D314800B4C8D7 /* ConferenceScheduleView.swift */ = {isa = PBXFileReference; lastKnownFileType = sourcecode.swift; path = ConferenceScheduleView.swift; sourceTree = "<group>"; };
/* End PBXFileReference section */

/* Begin PBXFrameworksBuildPhase section */
		0CC7F1972A9D30BB00B4C8D7 /* Frameworks */ = {
			isa = PBXFrameworksBuildPhase;
			buildActionMask = 2147483647;
			files = (
			);
			runOnlyForDeploymentPostprocessing = 0;
		};
		0CC7F1A82A9D30C200B4C8D7 /* Frameworks */ = {
			isa = PBXFrameworksBuildPhase;
			buildActionMask = 2147483647;
			files = (
			);
			runOnlyForDeploymentPostprocessing = 0;
		};
		0CC7F1B22A9D30C200B4C8D7 /* Frameworks */ = {
			isa = PBXFrameworksBuildPhase;
			buildActionMask = 2147483647;
			files = (
			);
			runOnlyForDeploymentPostprocessing = 0;
		};
/* End PBXFrameworksBuildPhase section */

/* Begin PBXGroup section */
		0CC7F1912A9D30BB00B4C8D7 = {
			isa = PBXGroup;
			children = (
				0C49B2B22AB9F9AB0056166A /* README.md */,
				0CC7F19C2A9D30BB00B4C8D7 /* Conference */,
				0CC7F1AE2A9D30C200B4C8D7 /* ConferenceTests */,
				0CC7F1B82A9D30C200B4C8D7 /* ConferenceUITests */,
				0CC7F19B2A9D30BB00B4C8D7 /* Products */,
			);
			sourceTree = "<group>";
		};
		0CC7F19B2A9D30BB00B4C8D7 /* Products */ = {
			isa = PBXGroup;
			children = (
				0CC7F19A2A9D30BB00B4C8D7 /* Conference.app */,
				0CC7F1AB2A9D30C200B4C8D7 /* ConferenceTests.xctest */,
				0CC7F1B52A9D30C200B4C8D7 /* ConferenceUITests.xctest */,
			);
			name = Products;
			sourceTree = "<group>";
		};
		0CC7F19C2A9D30BB00B4C8D7 /* Conference */ = {
			isa = PBXGroup;
			children = (
				0CC7F19D2A9D30BB00B4C8D7 /* ConferenceApp.swift */,
				0CC7F19F2A9D30BB00B4C8D7 /* ContentView.swift */,
				0CC7F1C82A9D314800B4C8D7 /* ConferenceScheduleView.swift */,
				0CC7F1A12A9D30C200B4C8D7 /* Assets.xcassets */,
				0CC7F1A32A9D30C200B4C8D7 /* Conference.entitlements */,
				0CC7F1A42A9D30C200B4C8D7 /* Preview Content */,
			);
			path = Conference;
			sourceTree = "<group>";
		};
		0CC7F1A42A9D30C200B4C8D7 /* Preview Content */ = {
			isa = PBXGroup;
			children = (
				0CC7F1A52A9D30C200B4C8D7 /* Preview Assets.xcassets */,
			);
			path = "Preview Content";
			sourceTree = "<group>";
		};
		0CC7F1AE2A9D30C200B4C8D7 /* ConferenceTests */ = {
			isa = PBXGroup;
			children = (
				0CC7F1AF2A9D30C200B4C8D7 /* ConferenceTests.swift */,
			);
			path = ConferenceTests;
			sourceTree = "<group>";
		};
		0CC7F1B82A9D30C200B4C8D7 /* ConferenceUITests */ = {
			isa = PBXGroup;
			children = (
				0CC7F1B92A9D30C200B4C8D7 /* ConferenceUITests.swift */,
				0CC7F1BB2A9D30C200B4C8D7 /* ConferenceUITestsLaunchTests.swift */,
			);
			path = ConferenceUITests;
			sourceTree = "<group>";
		};
/* End PBXGroup section */

/* Begin PBXNativeTarget section */
		0CC7F1992A9D30BB00B4C8D7 /* Conference */ = {
			isa = PBXNativeTarget;
			buildConfigurationList = 0CC7F1BF2A9D30C200B4C8D7 /* Build configuration list for PBXNativeTarget "Conference" */;
			buildPhases = (
				0CC7F1962A9D30BB00B4C8D7 /* Sources */,
				0CC7F1972A9D30BB00B4C8D7 /* Frameworks */,
				0CC7F1982A9D30BB00B4C8D7 /* Resources */,
			);
			buildRules = (
			);
			dependencies = (
			);
			name = Conference;
			productName = Conference;
			productReference = 0CC7F19A2A9D30BB00B4C8D7 /* Conference.app */;
			productType = "com.apple.product-type.application";
		};
		0CC7F1AA2A9D30C200B4C8D7 /* ConferenceTests */ = {
			isa = PBXNativeTarget;
			buildConfigurationList = 0CC7F1C22A9D30C200B4C8D7 /* Build configuration list for PBXNativeTarget "ConferenceTests" */;
			buildPhases = (
				0CC7F1A72A9D30C200B4C8D7 /* Sources */,
				0CC7F1A82A9D30C200B4C8D7 /* Frameworks */,
				0CC7F1A92A9D30C200B4C8D7 /* Resources */,
			);
			buildRules = (
			);
			dependencies = (
				0CC7F1AD2A9D30C200B4C8D7 /* PBXTargetDependency */,
			);
			name = ConferenceTests;
			productName = ConferenceTests;
			productReference = 0CC7F1AB2A9D30C200B4C8D7 /* ConferenceTests.xctest */;
			productType = "com.apple.product-type.bundle.unit-test";
		};
		0CC7F1B42A9D30C200B4C8D7 /* ConferenceUITests */ = {
			isa = PBXNativeTarget;
			buildConfigurationList = 0CC7F1C52A9D30C200B4C8D7 /* Build configuration list for PBXNativeTarget "ConferenceUITests" */;
			buildPhases = (
				0CC7F1B12A9D30C200B4C8D7 /* Sources */,
				0CC7F1B22A9D30C200B4C8D7 /* Frameworks */,
				0CC7F1B32A9D30C200B4C8D7 /* Resources */,
			);
			buildRules = (
			);
			dependencies = (
				0CC7F1B72A9D30C200B4C8D7 /* PBXTargetDependency */,
			);
			name = ConferenceUITests;
			productName = ConferenceUITests;
			productReference = 0CC7F1B52A9D30C200B4C8D7 /* ConferenceUITests.xctest */;
			productType = "com.apple.product-type.bundle.ui-testing";
		};
/* End PBXNativeTarget section */

/* Begin PBXProject section */
		0CC7F1922A9D30BB00B4C8D7 /* Project object */ = {
			isa = PBXProject;
			attributes = {
				BuildIndependentTargetsInParallel = 1;
				LastSwiftUpdateCheck = 1430;
				LastUpgradeCheck = 1430;
				TargetAttributes = {
					0CC7F1992A9D30BB00B4C8D7 = {
						CreatedOnToolsVersion = 14.3.1;
					};
					0CC7F1AA2A9D30C200B4C8D7 = {
						CreatedOnToolsVersion = 14.3.1;
						TestTargetID = 0CC7F1992A9D30BB00B4C8D7;
					};
					0CC7F1B42A9D30C200B4C8D7 = {
						CreatedOnToolsVersion = 14.3.1;
						TestTargetID = 0CC7F1992A9D30BB00B4C8D7;
					};
				};
			};
			buildConfigurationList = 0CC7F1952A9D30BB00B4C8D7 /* Build configuration list for PBXProject "Conference" */;
			compatibilityVersion = "Xcode 14.0";
			developmentRegion = en;
			hasScannedForEncodings = 0;
			knownRegions = (
				en,
				Base,
			);
			mainGroup = 0CC7F1912A9D30BB00B4C8D7;
			productRefGroup = 0CC7F19B2A9D30BB00B4C8D7 /* Products */;
			projectDirPath = "";
			projectRoot = "";
			targets = (
				0CC7F1992A9D30BB00B4C8D7 /* Conference */,
				0CC7F1AA2A9D30C200B4C8D7 /* ConferenceTests */,
				0CC7F1B42A9D30C200B4C8D7 /* ConferenceUITests */,
			);
		};
/* End PBXProject section */

/* Begin PBXResourcesBuildPhase section */
		0CC7F1982A9D30BB00B4C8D7 /* Resources */ = {
			isa = PBXResourcesBuildPhase;
			buildActionMask = 2147483647;
			files = (
				0C49B2B32AB9F9AB0056166A /* README.md in Resources */,
				0CC7F1A62A9D30C200B4C8D7 /* Preview Assets.xcassets in Resources */,
				0CC7F1A22A9D30C200B4C8D7 /* Assets.xcassets in Resources */,
			);
			runOnlyForDeploymentPostprocessing = 0;
		};
		0CC7F1A92A9D30C200B4C8D7 /* Resources */ = {
			isa = PBXResourcesBuildPhase;
			buildActionMask = 2147483647;
			files = (
			);
			runOnlyForDeploymentPostprocessing = 0;
		};
		0CC7F1B32A9D30C200B4C8D7 /* Resources */ = {
			isa = PBXResourcesBuildPhase;
			buildActionMask = 2147483647;
			files = (
			);
			runOnlyForDeploymentPostprocessing = 0;
		};
/* End PBXResourcesBuildPhase section */

/* Begin PBXSourcesBuildPhase section */
		0CC7F1962A9D30BB00B4C8D7 /* Sources */ = {
			isa = PBXSourcesBuildPhase;
			buildActionMask = 2147483647;
			files = (
				0CC7F1A02A9D30BB00B4C8D7 /* ContentView.swift in Sources */,
				0CC7F19E2A9D30BB00B4C8D7 /* ConferenceApp.swift in Sources */,
				0CC7F1C92A9D314800B4C8D7 /* ConferenceScheduleView.swift in Sources */,
			);
			runOnlyForDeploymentPostprocessing = 0;
		};
		0CC7F1A72A9D30C200B4C8D7 /* Sources */ = {
			isa = PBXSourcesBuildPhase;
			buildActionMask = 2147483647;
			files = (
				0CC7F1B02A9D30C200B4C8D7 /* ConferenceTests.swift in Sources */,
			);
			runOnlyForDeploymentPostprocessing = 0;
		};
		0CC7F1B12A9D30C200B4C8D7 /* Sources */ = {
			isa = PBXSourcesBuildPhase;
			buildActionMask = 2147483647;
			files = (
				0CC7F1BC2A9D30C200B4C8D7 /* ConferenceUITestsLaunchTests.swift in Sources */,
				0CC7F1BA2A9D30C200B4C8D7 /* ConferenceUITests.swift in Sources */,
			);
			runOnlyForDeploymentPostprocessing = 0;
		};
/* End PBXSourcesBuildPhase section */

/* Begin PBXTargetDependency section */
		0CC7F1AD2A9D30C200B4C8D7 /* PBXTargetDependency */ = {
			isa = PBXTargetDependency;
			target = 0CC7F1992A9D30BB00B4C8D7 /* Conference */;
			targetProxy = 0CC7F1AC2A9D30C200B4C8D7 /* PBXContainerItemProxy */;
		};
		0CC7F1B72A9D30C200B4C8D7 /* PBXTargetDependency */ = {
			isa = PBXTargetDependency;
			target = 0CC7F1992A9D30BB00B4C8D7 /* Conference */;
			targetProxy = 0CC7F1B62A9D30C200B4C8D7 /* PBXContainerItemProxy */;
		};
/* End PBXTargetDependency section */

/* Begin XCBuildConfiguration section */
		0CC7F1BD2A9D30C200B4C8D7 /* Debug */ = {
			isa = XCBuildConfiguration;
			buildSettings = {
				ALWAYS_SEARCH_USER_PATHS = NO;
				CLANG_ANALYZER_NONNULL = YES;
				CLANG_ANALYZER_NUMBER_OBJECT_CONVERSION = YES_AGGRESSIVE;
				CLANG_CXX_LANGUAGE_STANDARD = "gnu++20";
				CLANG_ENABLE_MODULES = YES;
				CLANG_ENABLE_OBJC_ARC = YES;
				CLANG_ENABLE_OBJC_WEAK = YES;
				CLANG_WARN_BLOCK_CAPTURE_AUTORELEASING = YES;
				CLANG_WARN_BOOL_CONVERSION = YES;
				CLANG_WARN_COMMA = YES;
				CLANG_WARN_CONSTANT_CONVERSION = YES;
				CLANG_WARN_DEPRECATED_OBJC_IMPLEMENTATIONS = YES;
				CLANG_WARN_DIRECT_OBJC_ISA_USAGE = YES_ERROR;
				CLANG_WARN_DOCUMENTATION_COMMENTS = YES;
				CLANG_WARN_EMPTY_BODY = YES;
				CLANG_WARN_ENUM_CONVERSION = YES;
				CLANG_WARN_INFINITE_RECURSION = YES;
				CLANG_WARN_INT_CONVERSION = YES;
				CLANG_WARN_NON_LITERAL_NULL_CONVERSION = YES;
				CLANG_WARN_OBJC_IMPLICIT_RETAIN_SELF = YES;
				CLANG_WARN_OBJC_LITERAL_CONVERSION = YES;
				CLANG_WARN_OBJC_ROOT_CLASS = YES_ERROR;
				CLANG_WARN_QUOTED_INCLUDE_IN_FRAMEWORK_HEADER = YES;
				CLANG_WARN_RANGE_LOOP_ANALYSIS = YES;
				CLANG_WARN_STRICT_PROTOTYPES = YES;
				CLANG_WARN_SUSPICIOUS_MOVE = YES;
				CLANG_WARN_UNGUARDED_AVAILABILITY = YES_AGGRESSIVE;
				CLANG_WARN_UNREACHABLE_CODE = YES;
				CLANG_WARN__DUPLICATE_METHOD_MATCH = YES;
				COPY_PHASE_STRIP = NO;
				DEBUG_INFORMATION_FORMAT = dwarf;
				ENABLE_STRICT_OBJC_MSGSEND = YES;
				ENABLE_TESTABILITY = YES;
				GCC_C_LANGUAGE_STANDARD = gnu11;
				GCC_DYNAMIC_NO_PIC = NO;
				GCC_NO_COMMON_BLOCKS = YES;
				GCC_OPTIMIZATION_LEVEL = 0;
				GCC_PREPROCESSOR_DEFINITIONS = (
					"DEBUG=1",
					"$(inherited)",
				);
				GCC_WARN_64_TO_32_BIT_CONVERSION = YES;
				GCC_WARN_ABOUT_RETURN_TYPE = YES_ERROR;
				GCC_WARN_UNDECLARED_SELECTOR = YES;
				GCC_WARN_UNINITIALIZED_AUTOS = YES_AGGRESSIVE;
				GCC_WARN_UNUSED_FUNCTION = YES;
				GCC_WARN_UNUSED_VARIABLE = YES;
				MTL_ENABLE_DEBUG_INFO = INCLUDE_SOURCE;
				MTL_FAST_MATH = YES;
				ONLY_ACTIVE_ARCH = YES;
				SWIFT_ACTIVE_COMPILATION_CONDITIONS = DEBUG;
				SWIFT_OPTIMIZATION_LEVEL = "-Onone";
			};
			name = Debug;
		};
		0CC7F1BE2A9D30C200B4C8D7 /* Release */ = {
			isa = XCBuildConfiguration;
			buildSettings = {
				ALWAYS_SEARCH_USER_PATHS = NO;
				CLANG_ANALYZER_NONNULL = YES;
				CLANG_ANALYZER_NUMBER_OBJECT_CONVERSION = YES_AGGRESSIVE;
				CLANG_CXX_LANGUAGE_STANDARD = "gnu++20";
				CLANG_ENABLE_MODULES = YES;
				CLANG_ENABLE_OBJC_ARC = YES;
				CLANG_ENABLE_OBJC_WEAK = YES;
				CLANG_WARN_BLOCK_CAPTURE_AUTORELEASING = YES;
				CLANG_WARN_BOOL_CONVERSION = YES;
				CLANG_WARN_COMMA = YES;
				CLANG_WARN_CONSTANT_CONVERSION = YES;
				CLANG_WARN_DEPRECATED_OBJC_IMPLEMENTATIONS = YES;
				CLANG_WARN_DIRECT_OBJC_ISA_USAGE = YES_ERROR;
				CLANG_WARN_DOCUMENTATION_COMMENTS = YES;
				CLANG_WARN_EMPTY_BODY = YES;
				CLANG_WARN_ENUM_CONVERSION = YES;
				CLANG_WARN_INFINITE_RECURSION = YES;
				CLANG_WARN_INT_CONVERSION = YES;
				CLANG_WARN_NON_LITERAL_NULL_CONVERSION = YES;
				CLANG_WARN_OBJC_IMPLICIT_RETAIN_SELF = YES;
				CLANG_WARN_OBJC_LITERAL_CONVERSION = YES;
				CLANG_WARN_OBJC_ROOT_CLASS = YES_ERROR;
				CLANG_WARN_QUOTED_INCLUDE_IN_FRAMEWORK_HEADER = YES;
				CLANG_WARN_RANGE_LOOP_ANALYSIS = YES;
				CLANG_WARN_STRICT_PROTOTYPES = YES;
				CLANG_WARN_SUSPICIOUS_MOVE = YES;
				CLANG_WARN_UNGUARDED_AVAILABILITY = YES_AGGRESSIVE;
				CLANG_WARN_UNREACHABLE_CODE = YES;
				CLANG_WARN__DUPLICATE_METHOD_MATCH = YES;
				COPY_PHASE_STRIP = NO;
				DEBUG_INFORMATION_FORMAT = "dwarf-with-dsym";
				ENABLE_NS_ASSERTIONS = NO;
				ENABLE_STRICT_OBJC_MSGSEND = YES;
				GCC_C_LANGUAGE_STANDARD = gnu11;
				GCC_NO_COMMON_BLOCKS = YES;
				GCC_WARN_64_TO_32_BIT_CONVERSION = YES;
				GCC_WARN_ABOUT_RETURN_TYPE = YES_ERROR;
				GCC_WARN_UNDECLARED_SELECTOR = YES;
				GCC_WARN_UNINITIALIZED_AUTOS = YES_AGGRESSIVE;
				GCC_WARN_UNUSED_FUNCTION = YES;
				GCC_WARN_UNUSED_VARIABLE = YES;
				MTL_ENABLE_DEBUG_INFO = NO;
				MTL_FAST_MATH = YES;
				SWIFT_COMPILATION_MODE = wholemodule;
				SWIFT_OPTIMIZATION_LEVEL = "-O";
			};
			name = Release;
		};
		0CC7F1C02A9D30C200B4C8D7 /* Debug */ = {
			isa = XCBuildConfiguration;
			buildSettings = {
				ASSETCATALOG_COMPILER_APPICON_NAME = AppIcon;
				ASSETCATALOG_COMPILER_GLOBAL_ACCENT_COLOR_NAME = AccentColor;
				CODE_SIGN_ENTITLEMENTS = Conference/Conference.entitlements;
				CODE_SIGN_STYLE = Automatic;
				CURRENT_PROJECT_VERSION = 1;
				DEVELOPMENT_ASSET_PATHS = "\"Conference/Preview Content\"";
				ENABLE_PREVIEWS = YES;
				GENERATE_INFOPLIST_FILE = YES;
				"INFOPLIST_KEY_UIApplicationSceneManifest_Generation[sdk=iphoneos*]" = YES;
				"INFOPLIST_KEY_UIApplicationSceneManifest_Generation[sdk=iphonesimulator*]" = YES;
				"INFOPLIST_KEY_UIApplicationSupportsIndirectInputEvents[sdk=iphoneos*]" = YES;
				"INFOPLIST_KEY_UIApplicationSupportsIndirectInputEvents[sdk=iphonesimulator*]" = YES;
				"INFOPLIST_KEY_UILaunchScreen_Generation[sdk=iphoneos*]" = YES;
				"INFOPLIST_KEY_UILaunchScreen_Generation[sdk=iphonesimulator*]" = YES;
				"INFOPLIST_KEY_UIStatusBarStyle[sdk=iphoneos*]" = UIStatusBarStyleDefault;
				"INFOPLIST_KEY_UIStatusBarStyle[sdk=iphonesimulator*]" = UIStatusBarStyleDefault;
				INFOPLIST_KEY_UISupportedInterfaceOrientations_iPad = "UIInterfaceOrientationPortrait UIInterfaceOrientationPortraitUpsideDown UIInterfaceOrientationLandscapeLeft UIInterfaceOrientationLandscapeRight";
				INFOPLIST_KEY_UISupportedInterfaceOrientations_iPhone = "UIInterfaceOrientationPortrait UIInterfaceOrientationLandscapeLeft UIInterfaceOrientationLandscapeRight";
				IPHONEOS_DEPLOYMENT_TARGET = 16.4;
				LD_RUNPATH_SEARCH_PATHS = "@executable_path/Frameworks";
				"LD_RUNPATH_SEARCH_PATHS[sdk=macosx*]" = "@executable_path/../Frameworks";
				MACOSX_DEPLOYMENT_TARGET = 13.3;
				MARKETING_VERSION = 1.0;
				PRODUCT_BUNDLE_IDENTIFIER = ghc.Conference;
				PRODUCT_NAME = "$(TARGET_NAME)";
				SDKROOT = auto;
				SUPPORTED_PLATFORMS = "iphoneos iphonesimulator macosx";
				SWIFT_EMIT_LOC_STRINGS = YES;
				SWIFT_VERSION = 5.0;
				TARGETED_DEVICE_FAMILY = "1,2";
			};
			name = Debug;
		};
		0CC7F1C12A9D30C200B4C8D7 /* Release */ = {
			isa = XCBuildConfiguration;
			buildSettings = {
				ASSETCATALOG_COMPILER_APPICON_NAME = AppIcon;
				ASSETCATALOG_COMPILER_GLOBAL_ACCENT_COLOR_NAME = AccentColor;
				CODE_SIGN_ENTITLEMENTS = Conference/Conference.entitlements;
				CODE_SIGN_STYLE = Automatic;
				CURRENT_PROJECT_VERSION = 1;
				DEVELOPMENT_ASSET_PATHS = "\"Conference/Preview Content\"";
				ENABLE_PREVIEWS = YES;
				GENERATE_INFOPLIST_FILE = YES;
				"INFOPLIST_KEY_UIApplicationSceneManifest_Generation[sdk=iphoneos*]" = YES;
				"INFOPLIST_KEY_UIApplicationSceneManifest_Generation[sdk=iphonesimulator*]" = YES;
				"INFOPLIST_KEY_UIApplicationSupportsIndirectInputEvents[sdk=iphoneos*]" = YES;
				"INFOPLIST_KEY_UIApplicationSupportsIndirectInputEvents[sdk=iphonesimulator*]" = YES;
				"INFOPLIST_KEY_UILaunchScreen_Generation[sdk=iphoneos*]" = YES;
				"INFOPLIST_KEY_UILaunchScreen_Generation[sdk=iphonesimulator*]" = YES;
				"INFOPLIST_KEY_UIStatusBarStyle[sdk=iphoneos*]" = UIStatusBarStyleDefault;
				"INFOPLIST_KEY_UIStatusBarStyle[sdk=iphonesimulator*]" = UIStatusBarStyleDefault;
				INFOPLIST_KEY_UISupportedInterfaceOrientations_iPad = "UIInterfaceOrientationPortrait UIInterfaceOrientationPortraitUpsideDown UIInterfaceOrientationLandscapeLeft UIInterfaceOrientationLandscapeRight";
				INFOPLIST_KEY_UISupportedInterfaceOrientations_iPhone = "UIInterfaceOrientationPortrait UIInterfaceOrientationLandscapeLeft UIInterfaceOrientationLandscapeRight";
				IPHONEOS_DEPLOYMENT_TARGET = 16.4;
				LD_RUNPATH_SEARCH_PATHS = "@executable_path/Frameworks";
				"LD_RUNPATH_SEARCH_PATHS[sdk=macosx*]" = "@executable_path/../Frameworks";
				MACOSX_DEPLOYMENT_TARGET = 13.3;
				MARKETING_VERSION = 1.0;
				PRODUCT_BUNDLE_IDENTIFIER = ghc.Conference;
				PRODUCT_NAME = "$(TARGET_NAME)";
				SDKROOT = auto;
				SUPPORTED_PLATFORMS = "iphoneos iphonesimulator macosx";
				SWIFT_EMIT_LOC_STRINGS = YES;
				SWIFT_VERSION = 5.0;
				TARGETED_DEVICE_FAMILY = "1,2";
			};
			name = Release;
		};
		0CC7F1C32A9D30C200B4C8D7 /* Debug */ = {
			isa = XCBuildConfiguration;
			buildSettings = {
				ALWAYS_EMBED_SWIFT_STANDARD_LIBRARIES = YES;
				BUNDLE_LOADER = "$(TEST_HOST)";
				CODE_SIGN_STYLE = Automatic;
				CURRENT_PROJECT_VERSION = 1;
				GENERATE_INFOPLIST_FILE = YES;
				IPHONEOS_DEPLOYMENT_TARGET = 16.4;
				MACOSX_DEPLOYMENT_TARGET = 13.3;
				MARKETING_VERSION = 1.0;
				PRODUCT_BUNDLE_IDENTIFIER = ghc.ConferenceTests;
				PRODUCT_NAME = "$(TARGET_NAME)";
				SDKROOT = auto;
				SUPPORTED_PLATFORMS = "iphoneos iphonesimulator macosx";
				SWIFT_EMIT_LOC_STRINGS = NO;
				SWIFT_VERSION = 5.0;
				TARGETED_DEVICE_FAMILY = "1,2";
				TEST_HOST = "$(BUILT_PRODUCTS_DIR)/Conference.app/$(BUNDLE_EXECUTABLE_FOLDER_PATH)/Conference";
			};
			name = Debug;
		};
		0CC7F1C42A9D30C200B4C8D7 /* Release */ = {
			isa = XCBuildConfiguration;
			buildSettings = {
				ALWAYS_EMBED_SWIFT_STANDARD_LIBRARIES = YES;
				BUNDLE_LOADER = "$(TEST_HOST)";
				CODE_SIGN_STYLE = Automatic;
				CURRENT_PROJECT_VERSION = 1;
				GENERATE_INFOPLIST_FILE = YES;
				IPHONEOS_DEPLOYMENT_TARGET = 16.4;
				MACOSX_DEPLOYMENT_TARGET = 13.3;
				MARKETING_VERSION = 1.0;
				PRODUCT_BUNDLE_IDENTIFIER = ghc.ConferenceTests;
				PRODUCT_NAME = "$(TARGET_NAME)";
				SDKROOT = auto;
				SUPPORTED_PLATFORMS = "iphoneos iphonesimulator macosx";
				SWIFT_EMIT_LOC_STRINGS = NO;
				SWIFT_VERSION = 5.0;
				TARGETED_DEVICE_FAMILY = "1,2";
				TEST_HOST = "$(BUILT_PRODUCTS_DIR)/Conference.app/$(BUNDLE_EXECUTABLE_FOLDER_PATH)/Conference";
			};
			name = Release;
		};
		0CC7F1C62A9D30C200B4C8D7 /* Debug */ = {
			isa = XCBuildConfiguration;
			buildSettings = {
				ALWAYS_EMBED_SWIFT_STANDARD_LIBRARIES = YES;
				CODE_SIGN_STYLE = Automatic;
				CURRENT_PROJECT_VERSION = 1;
				GENERATE_INFOPLIST_FILE = YES;
				IPHONEOS_DEPLOYMENT_TARGET = 16.4;
				MACOSX_DEPLOYMENT_TARGET = 13.3;
				MARKETING_VERSION = 1.0;
				PRODUCT_BUNDLE_IDENTIFIER = ghc.ConferenceUITests;
				PRODUCT_NAME = "$(TARGET_NAME)";
				SDKROOT = auto;
				SUPPORTED_PLATFORMS = "iphoneos iphonesimulator macosx";
				SWIFT_EMIT_LOC_STRINGS = NO;
				SWIFT_VERSION = 5.0;
				TARGETED_DEVICE_FAMILY = "1,2";
				TEST_TARGET_NAME = Conference;
			};
			name = Debug;
		};
		0CC7F1C72A9D30C200B4C8D7 /* Release */ = {
			isa = XCBuildConfiguration;
			buildSettings = {
				ALWAYS_EMBED_SWIFT_STANDARD_LIBRARIES = YES;
				CODE_SIGN_STYLE = Automatic;
				CURRENT_PROJECT_VERSION = 1;
				GENERATE_INFOPLIST_FILE = YES;
				IPHONEOS_DEPLOYMENT_TARGET = 16.4;
				MACOSX_DEPLOYMENT_TARGET = 13.3;
				MARKETING_VERSION = 1.0;
				PRODUCT_BUNDLE_IDENTIFIER = ghc.ConferenceUITests;
				PRODUCT_NAME = "$(TARGET_NAME)";
				SDKROOT = auto;
				SUPPORTED_PLATFORMS = "iphoneos iphonesimulator macosx";
				SWIFT_EMIT_LOC_STRINGS = NO;
				SWIFT_VERSION = 5.0;
				TARGETED_DEVICE_FAMILY = "1,2";
				TEST_TARGET_NAME = Conference;
			};
			name = Release;
		};
/* End XCBuildConfiguration section */

/* Begin XCConfigurationList section */
		0CC7F1952A9D30BB00B4C8D7 /* Build configuration list for PBXProject "Conference" */ = {
			isa = XCConfigurationList;
			buildConfigurations = (
				0CC7F1BD2A9D30C200B4C8D7 /* Debug */,
				0CC7F1BE2A9D30C200B4C8D7 /* Release */,
			);
			defaultConfigurationIsVisible = 0;
			defaultConfigurationName = Release;
		};
		0CC7F1BF2A9D30C200B4C8D7 /* Build configuration list for PBXNativeTarget "Conference" */ = {
			isa = XCConfigurationList;
			buildConfigurations = (
				0CC7F1C02A9D30C200B4C8D7 /* Debug */,
				0CC7F1C12A9D30C200B4C8D7 /* Release */,
			);
			defaultConfigurationIsVisible = 0;
			defaultConfigurationName = Release;
		};
		0CC7F1C22A9D30C200B4C8D7 /* Build configuration list for PBXNativeTarget "ConferenceTests" */ = {
			isa = XCConfigurationList;
			buildConfigurations = (
				0CC7F1C32A9D30C200B4C8D7 /* Debug */,
				0CC7F1C42A9D30C200B4C8D7 /* Release */,
			);
			defaultConfigurationIsVisible = 0;
			defaultConfigurationName = Release;
		};
		0CC7F1C52A9D30C200B4C8D7 /* Build configuration list for PBXNativeTarget "ConferenceUITests" */ = {
			isa = XCConfigurationList;
			buildConfigurations = (
				0CC7F1C62A9D30C200B4C8D7 /* Debug */,
				0CC7F1C72A9D30C200B4C8D7 /* Release */,
			);
			defaultConfigurationIsVisible = 0;
			defaultConfigurationName = Release;
		};
/* End XCConfigurationList section */
	};
	rootObject = 0CC7F1922A9D30BB00B4C8D7 /* Project object */;
}
